
Microsoft Visual Studio Solution File, Format Version 12.00
# Visual Studio Version 17
VisualStudioVersion = 17.14.36414.22 d17.14
MinimumVisualStudioVersion = 10.0.40219.1
Project("{FAE04EC0-301F-11D3-BF4B-00C04F79EFBC}") = "Validated.TenantValidationBuilder.ConsoleClient", "Validated.TenantValidationBuilder.ConsoleClient\Validated.TenantValidationBuilder.ConsoleClient.csproj", "{DF9ED0BD-CA44-4BE9-8D91-65D154BDA76C}"
EndProject
Global
	GlobalSection(SolutionConfigurationPlatforms) = preSolution
		Debug|Any CPU = Debug|Any CPU
		Release|Any CPU = Release|Any CPU
	EndGlobalSection
	GlobalSection(ProjectConfigurationPlatforms) = postSolution
		{DF9ED0BD-CA44-4BE9-8D91-65D154BDA76C}.Debug|Any CPU.ActiveCfg = Debug|Any CPU
		{DF9ED0BD-CA44-4BE9-8D91-65D154BDA76C}.Debug|Any CPU.Build.0 = Debug|Any CPU
		{DF9ED0BD-CA44-4BE9-8D91-65D154BDA76C}.Release|Any CPU.ActiveCfg = Release|Any CPU
		{DF9ED0BD-CA44-4BE9-8D91-65D154BDA76C}.Release|Any CPU.Build.0 = Release|Any CPU
	EndGlobalSection
	GlobalSection(SolutionProperties) = preSolution
		HideSolutionNode = FALSE
	EndGlobalSection
	GlobalSection(ExtensibilityGlobals) = postSolution
		SolutionGuid = {79BB2D20-C5C1-4C32-A913-4AE1C1650131}
	EndGlobalSection
EndGlobal
